
Microsoft Visual Studio Solution File, Format Version 12.00
# Visual Studio 14
VisualStudioVersion = 14.0.25420.1
MinimumVisualStudioVersion = 10.0.40219.1
Project("{FAE04EC0-301F-11D3-BF4B-00C04F79EFBC}") = "BackEnd", "BackEnd\BackEnd.csproj", "{7537A416-FB47-4B5B-8E6F-17D0FE26D5B7}"
EndProject
Project("{FAE04EC0-301F-11D3-BF4B-00C04F79EFBC}") = "FrontEnd", "FrontEnd\FrontEnd.csproj", "{FF91A1C1-5296-40F0-A894-B8C25D50853D}"
EndProject
Project("{FAE04EC0-301F-11D3-BF4B-00C04F79EFBC}") = "BWClassLibrary", "BWClassLibrary\BWClassLibrary.csproj", "{11A0692F-0E7D-4D10-AF10-A2B9228621ED}"
EndProject
Global
	GlobalSection(SolutionConfigurationPlatforms) = preSolution
		Debug|Any CPU = Debug|Any CPU
		Release|Any CPU = Release|Any CPU
	EndGlobalSection
	GlobalSection(ProjectConfigurationPlatforms) = postSolution
		{7537A416-FB47-4B5B-8E6F-17D0FE26D5B7}.Debug|Any CPU.ActiveCfg = Debug|Any CPU
		{7537A416-FB47-4B5B-8E6F-17D0FE26D5B7}.Debug|Any CPU.Build.0 = Debug|Any CPU
		{7537A416-FB47-4B5B-8E6F-17D0FE26D5B7}.Release|Any CPU.ActiveCfg = Release|Any CPU
		{7537A416-FB47-4B5B-8E6F-17D0FE26D5B7}.Release|Any CPU.Build.0 = Release|Any CPU
		{FF91A1C1-5296-40F0-A894-B8C25D50853D}.Debug|Any CPU.ActiveCfg = Debug|Any CPU
		{FF91A1C1-5296-40F0-A894-B8C25D50853D}.Debug|Any CPU.Build.0 = Debug|Any CPU
		{FF91A1C1-5296-40F0-A894-B8C25D50853D}.Release|Any CPU.ActiveCfg = Release|Any CPU
		{FF91A1C1-5296-40F0-A894-B8C25D50853D}.Release|Any CPU.Build.0 = Release|Any CPU
		{11A0692F-0E7D-4D10-AF10-A2B9228621ED}.Debug|Any CPU.ActiveCfg = Debug|Any CPU
		{11A0692F-0E7D-4D10-AF10-A2B9228621ED}.Debug|Any CPU.Build.0 = Debug|Any CPU
		{11A0692F-0E7D-4D10-AF10-A2B9228621ED}.Release|Any CPU.ActiveCfg = Release|Any CPU
		{11A0692F-0E7D-4D10-AF10-A2B9228621ED}.Release|Any CPU.Build.0 = Release|Any CPU
	EndGlobalSection
	GlobalSection(SolutionProperties) = preSolution
		HideSolutionNode = FALSE
	EndGlobalSection
EndGlobal
